
Microsoft Visual Studio Solution File, Format Version 12.00
# Visual Studio 15
VisualStudioVersion = 15.0.28010.2050
MinimumVisualStudioVersion = 10.0.40219.1
Project("{FAE04EC0-301F-11D3-BF4B-00C04F79EFBC}") = "InClass3", "InClass3\InClass3.csproj", "{D323B240-518D-454F-B94E-F22E1E859699}"
EndProject
Global
	GlobalSection(SolutionConfigurationPlatforms) = preSolution
		Debug|Any CPU = Debug|Any CPU
		Release|Any CPU = Release|Any CPU
	EndGlobalSection
	GlobalSection(ProjectConfigurationPlatforms) = postSolution
		{D323B240-518D-454F-B94E-F22E1E859699}.Debug|Any CPU.ActiveCfg = Debug|Any CPU
		{D323B240-518D-454F-B94E-F22E1E859699}.Debug|Any CPU.Build.0 = Debug|Any CPU
		{D323B240-518D-454F-B94E-F22E1E859699}.Release|Any CPU.ActiveCfg = Release|Any CPU
		{D323B240-518D-454F-B94E-F22E1E859699}.Release|Any CPU.Build.0 = Release|Any CPU
	EndGlobalSection
	GlobalSection(SolutionProperties) = preSolution
		HideSolutionNode = FALSE
	EndGlobalSection
	GlobalSection(ExtensibilityGlobals) = postSolution
		SolutionGuid = {F8D45D6B-CE88-4ECE-A33A-79001C9E0718}
	EndGlobalSection
EndGlobal
