
Microsoft Visual Studio Solution File, Format Version 12.00
# Visual Studio Version 16
VisualStudioVersion = 16.0.29920.165
MinimumVisualStudioVersion = 10.0.40219.1
Project("{FAE04EC0-301F-11D3-BF4B-00C04F79EFBC}") = "RectangleCircleParticipation", "RectangleCircleParticipation\RectangleCircleParticipation.csproj", "{F1F86EF8-628F-4F23-A526-47C8AE018F08}"
EndProject
Global
	GlobalSection(SolutionConfigurationPlatforms) = preSolution
		Debug|Any CPU = Debug|Any CPU
		Release|Any CPU = Release|Any CPU
	EndGlobalSection
	GlobalSection(ProjectConfigurationPlatforms) = postSolution
		{F1F86EF8-628F-4F23-A526-47C8AE018F08}.Debug|Any CPU.ActiveCfg = Debug|Any CPU
		{F1F86EF8-628F-4F23-A526-47C8AE018F08}.Debug|Any CPU.Build.0 = Debug|Any CPU
		{F1F86EF8-628F-4F23-A526-47C8AE018F08}.Release|Any CPU.ActiveCfg = Release|Any CPU
		{F1F86EF8-628F-4F23-A526-47C8AE018F08}.Release|Any CPU.Build.0 = Release|Any CPU
	EndGlobalSection
	GlobalSection(SolutionProperties) = preSolution
		HideSolutionNode = FALSE
	EndGlobalSection
	GlobalSection(ExtensibilityGlobals) = postSolution
		SolutionGuid = {76875626-61BC-4C79-89E4-43DE0E23CF26}
	EndGlobalSection
EndGlobal
